// !$*UTF8*$!
{
	archiveVersion = 1;
	classes = {
	};
	objectVersion = 77;
	objects = {

/* Begin PBXBuildFile section */
		79849B242E3F8A35004071D8 /* Config.plist in Resources */ = {isa = PBXBuildFile; fileRef = 79849B232E3F8A35004071D8 /* Config.plist */; };
/* End PBXBuildFile section */

/* Begin PBXContainerItemProxy section */
		79766B002E3E47BB00DD8841 /* PBXContainerItemProxy */ = {
			isa = PBXContainerItemProxy;
			containerPortal = 79766AEA2E3E47B700DD8841 /* Project object */;
			proxyType = 1;
			remoteGlobalIDString = 79766AF12E3E47B700DD8841;
			remoteInfo = quotoday;
		};
		79766B0A2E3E47BB00DD8841 /* PBXContainerItemProxy */ = {
			isa = PBXContainerItemProxy;
			containerPortal = 79766AEA2E3E47B700DD8841 /* Project object */;
			proxyType = 1;
			remoteGlobalIDString = 79766AF12E3E47B700DD8841;
			remoteInfo = quotoday;
		};
/* End PBXContainerItemProxy section */

/* Begin PBXFileReference section */
		79766AF22E3E47B700DD8841 /* Quotoday.app */ = {isa = PBXFileReference; explicitFileType = wrapper.application; includeInIndex = 0; path = Quotoday.app; sourceTree = BUILT_PRODUCTS_DIR; };
		79766AFF2E3E47BB00DD8841 /* QuotodayTests.xctest */ = {isa = PBXFileReference; explicitFileType = wrapper.cfbundle; includeInIndex = 0; path = QuotodayTests.xctest; sourceTree = BUILT_PRODUCTS_DIR; };
		79766B092E3E47BB00DD8841 /* QuotodayUITests.xctest */ = {isa = PBXFileReference; explicitFileType = wrapper.cfbundle; includeInIndex = 0; path = QuotodayUITests.xctest; sourceTree = BUILT_PRODUCTS_DIR; };
		79766B422E3E584A00DD8841 /* README.md */ = {isa = PBXFileReference; lastKnownFileType = net.daringfireball.markdown; name = README.md; path = ../README.md; sourceTree = SOURCE_ROOT; };
		79849B232E3F8A35004071D8 /* Config.plist */ = {isa = PBXFileReference; lastKnownFileType = text.plist.xml; path = Config.plist; sourceTree = "<group>"; };
/* End PBXFileReference section */

/* Begin PBXFileSystemSynchronizedRootGroup section */
		79766AF42E3E47B700DD8841 /* Quotoday */ = {
			isa = PBXFileSystemSynchronizedRootGroup;
			path = Quotoday;
			sourceTree = "<group>";
		};
		79766B022E3E47BB00DD8841 /* QuotodayTests */ = {
			isa = PBXFileSystemSynchronizedRootGroup;
			path = QuotodayTests;
			sourceTree = "<group>";
		};
		79766B0C2E3E47BB00DD8841 /* QuotodayUITests */ = {
			isa = PBXFileSystemSynchronizedRootGroup;
			path = QuotodayUITests;
			sourceTree = "<group>";
		};
/* End PBXFileSystemSynchronizedRootGroup section */

/* Begin PBXFrameworksBuildPhase section */
		79766AEF2E3E47B700DD8841 /* Frameworks */ = {
			isa = PBXFrameworksBuildPhase;
			buildActionMask = 2147483647;
			files = (
			);
			runOnlyForDeploymentPostprocessing = 0;
		};
		79766AFC2E3E47BB00DD8841 /* Frameworks */ = {
			isa = PBXFrameworksBuildPhase;
			buildActionMask = 2147483647;
			files = (
			);
			runOnlyForDeploymentPostprocessing = 0;
		};
		79766B062E3E47BB00DD8841 /* Frameworks */ = {
			isa = PBXFrameworksBuildPhase;
			buildActionMask = 2147483647;
			files = (
			);
			runOnlyForDeploymentPostprocessing = 0;
		};
/* End PBXFrameworksBuildPhase section */

/* Begin PBXGroup section */
		79766AE92E3E47B700DD8841 = {
			isa = PBXGroup;
			children = (
				79849B232E3F8A35004071D8 /* Config.plist */,
				79766B422E3E584A00DD8841 /* README.md */,
				79766AF42E3E47B700DD8841 /* Quotoday */,
				79766B022E3E47BB00DD8841 /* QuotodayTests */,
				79766B0C2E3E47BB00DD8841 /* QuotodayUITests */,
				79766AF32E3E47B700DD8841 /* Products */,
			);
			sourceTree = "<group>";
		};
		79766AF32E3E47B700DD8841 /* Products */ = {
			isa = PBXGroup;
			children = (
				79766AF22E3E47B700DD8841 /* Quotoday.app */,
				79766AFF2E3E47BB00DD8841 /* QuotodayTests.xctest */,
				79766B092E3E47BB00DD8841 /* QuotodayUITests.xctest */,
			);
			name = Products;
			sourceTree = "<group>";
		};
/* End PBXGroup section */

/* Begin PBXNativeTarget section */
		79766AF12E3E47B700DD8841 /* Quotoday */ = {
			isa = PBXNativeTarget;
			buildConfigurationList = 79766B132E3E47BB00DD8841 /* Build configuration list for PBXNativeTarget "Quotoday" */;
			buildPhases = (
				79766AEE2E3E47B700DD8841 /* Sources */,
				79766AEF2E3E47B700DD8841 /* Frameworks */,
				79766AF02E3E47B700DD8841 /* Resources */,
			);
			buildRules = (
			);
			dependencies = (
			);
			fileSystemSynchronizedGroups = (
				79766AF42E3E47B700DD8841 /* Quotoday */,
			);
			name = Quotoday;
			packageProductDependencies = (
			);
			productName = quotoday;
			productReference = 79766AF22E3E47B700DD8841 /* Quotoday.app */;
			productType = "com.apple.product-type.application";
		};
		79766AFE2E3E47BB00DD8841 /* QuotodayTests */ = {
			isa = PBXNativeTarget;
			buildConfigurationList = 79766B162E3E47BB00DD8841 /* Build configuration list for PBXNativeTarget "QuotodayTests" */;
			buildPhases = (
				79766AFB2E3E47BB00DD8841 /* Sources */,
				79766AFC2E3E47BB00DD8841 /* Frameworks */,
				79766AFD2E3E47BB00DD8841 /* Resources */,
			);
			buildRules = (
			);
			dependencies = (
				79766B012E3E47BB00DD8841 /* PBXTargetDependency */,
			);
			fileSystemSynchronizedGroups = (
				79766B022E3E47BB00DD8841 /* QuotodayTests */,
			);
			name = QuotodayTests;
			packageProductDependencies = (
			);
			productName = quotodayTests;
			productReference = 79766AFF2E3E47BB00DD8841 /* QuotodayTests.xctest */;
			productType = "com.apple.product-type.bundle.unit-test";
		};
		79766B082E3E47BB00DD8841 /* QuotodayUITests */ = {
			isa = PBXNativeTarget;
			buildConfigurationList = 79766B192E3E47BB00DD8841 /* Build configuration list for PBXNativeTarget "QuotodayUITests" */;
			buildPhases = (
				79766B052E3E47BB00DD8841 /* Sources */,
				79766B062E3E47BB00DD8841 /* Frameworks */,
				79766B072E3E47BB00DD8841 /* Resources */,
			);
			buildRules = (
			);
			dependencies = (
				79766B0B2E3E47BB00DD8841 /* PBXTargetDependency */,
			);
			fileSystemSynchronizedGroups = (
				79766B0C2E3E47BB00DD8841 /* QuotodayUITests */,
			);
			name = QuotodayUITests;
			packageProductDependencies = (
			);
			productName = quotodayUITests;
			productReference = 79766B092E3E47BB00DD8841 /* QuotodayUITests.xctest */;
			productType = "com.apple.product-type.bundle.ui-testing";
		};
/* End PBXNativeTarget section */

/* Begin PBXProject section */
		79766AEA2E3E47B700DD8841 /* Project object */ = {
			isa = PBXProject;
			attributes = {
				BuildIndependentTargetsInParallel = 1;
				LastSwiftUpdateCheck = 1640;
				LastUpgradeCheck = 1640;
				TargetAttributes = {
					79766AF12E3E47B700DD8841 = {
						CreatedOnToolsVersion = 16.4;
					};
					79766AFE2E3E47BB00DD8841 = {
						CreatedOnToolsVersion = 16.4;
						TestTargetID = 79766AF12E3E47B700DD8841;
					};
					79766B082E3E47BB00DD8841 = {
						CreatedOnToolsVersion = 16.4;
						TestTargetID = 79766AF12E3E47B700DD8841;
					};
				};
			};
			buildConfigurationList = 79766AED2E3E47B700DD8841 /* Build configuration list for PBXProject "Quotoday" */;
			developmentRegion = en;
			hasScannedForEncodings = 0;
			knownRegions = (
				en,
				Base,
			);
			mainGroup = 79766AE92E3E47B700DD8841;
			minimizedProjectReferenceProxies = 1;
			preferredProjectObjectVersion = 77;
			productRefGroup = 79766AF32E3E47B700DD8841 /* Products */;
			projectDirPath = "";
			projectRoot = "";
			targets = (
				79766AF12E3E47B700DD8841 /* Quotoday */,
				79766AFE2E3E47BB00DD8841 /* QuotodayTests */,
				79766B082E3E47BB00DD8841 /* QuotodayUITests */,
			);
		};
/* End PBXProject section */

/* Begin PBXResourcesBuildPhase section */
		79766AF02E3E47B700DD8841 /* Resources */ = {
			isa = PBXResourcesBuildPhase;
			buildActionMask = 2147483647;
			files = (
				79849B242E3F8A35004071D8 /* Config.plist in Resources */,
			);
			runOnlyForDeploymentPostprocessing = 0;
		};
		79766AFD2E3E47BB00DD8841 /* Resources */ = {
			isa = PBXResourcesBuildPhase;
			buildActionMask = 2147483647;
			files = (
			);
			runOnlyForDeploymentPostprocessing = 0;
		};
		79766B072E3E47BB00DD8841 /* Resources */ = {
			isa = PBXResourcesBuildPhase;
			buildActionMask = 2147483647;
			files = (
			);
			runOnlyForDeploymentPostprocessing = 0;
		};
/* End PBXResourcesBuildPhase section */

/* Begin PBXSourcesBuildPhase section */
		79766AEE2E3E47B700DD8841 /* Sources */ = {
			isa = PBXSourcesBuildPhase;
			buildActionMask = 2147483647;
			files = (
			);
			runOnlyForDeploymentPostprocessing = 0;
		};
		79766AFB2E3E47BB00DD8841 /* Sources */ = {
			isa = PBXSourcesBuildPhase;
			buildActionMask = 2147483647;
			files = (
			);
			runOnlyForDeploymentPostprocessing = 0;
		};
		79766B052E3E47BB00DD8841 /* Sources */ = {
			isa = PBXSourcesBuildPhase;
			buildActionMask = 2147483647;
			files = (
			);
			runOnlyForDeploymentPostprocessing = 0;
		};
/* End PBXSourcesBuildPhase section */

/* Begin PBXTargetDependency section */
		79766B012E3E47BB00DD8841 /* PBXTargetDependency */ = {
			isa = PBXTargetDependency;
			target = 79766AF12E3E47B700DD8841 /* Quotoday */;
			targetProxy = 79766B002E3E47BB00DD8841 /* PBXContainerItemProxy */;
		};
		79766B0B2E3E47BB00DD8841 /* PBXTargetDependency */ = {
			isa = PBXTargetDependency;
			target = 79766AF12E3E47B700DD8841 /* Quotoday */;
			targetProxy = 79766B0A2E3E47BB00DD8841 /* PBXContainerItemProxy */;
		};
/* End PBXTargetDependency section */

/* Begin XCBuildConfiguration section */
		79766B112E3E47BB00DD8841 /* Debug */ = {
			isa = XCBuildConfiguration;
			buildSettings = {
				ALWAYS_SEARCH_USER_PATHS = NO;
				ASSETCATALOG_COMPILER_GENERATE_SWIFT_ASSET_SYMBOL_EXTENSIONS = YES;
				CLANG_ANALYZER_NONNULL = YES;
				CLANG_ANALYZER_NUMBER_OBJECT_CONVERSION = YES_AGGRESSIVE;
				CLANG_CXX_LANGUAGE_STANDARD = "gnu++20";
				CLANG_ENABLE_MODULES = YES;
				CLANG_ENABLE_OBJC_ARC = YES;
				CLANG_ENABLE_OBJC_WEAK = YES;
				CLANG_WARN_BLOCK_CAPTURE_AUTORELEASING = YES;
				CLANG_WARN_BOOL_CONVERSION = YES;
				CLANG_WARN_COMMA = YES;
				CLANG_WARN_CONSTANT_CONVERSION = YES;
				CLANG_WARN_DEPRECATED_OBJC_IMPLEMENTATIONS = YES;
				CLANG_WARN_DIRECT_OBJC_ISA_USAGE = YES_ERROR;
				CLANG_WARN_DOCUMENTATION_COMMENTS = YES;
				CLANG_WARN_EMPTY_BODY = YES;
				CLANG_WARN_ENUM_CONVERSION = YES;
				CLANG_WARN_INFINITE_RECURSION = YES;
				CLANG_WARN_INT_CONVERSION = YES;
				CLANG_WARN_NON_LITERAL_NULL_CONVERSION = YES;
				CLANG_WARN_OBJC_IMPLICIT_RETAIN_SELF = YES;
				CLANG_WARN_OBJC_LITERAL_CONVERSION = YES;
				CLANG_WARN_OBJC_ROOT_CLASS = YES_ERROR;
				CLANG_WARN_QUOTED_INCLUDE_IN_FRAMEWORK_HEADER = YES;
				CLANG_WARN_RANGE_LOOP_ANALYSIS = YES;
				CLANG_WARN_STRICT_PROTOTYPES = YES;
				CLANG_WARN_SUSPICIOUS_MOVE = YES;
				CLANG_WARN_UNGUARDED_AVAILABILITY = YES_AGGRESSIVE;
				CLANG_WARN_UNREACHABLE_CODE = YES;
				CLANG_WARN__DUPLICATE_METHOD_MATCH = YES;
				COPY_PHASE_STRIP = NO;
				DEBUG_INFORMATION_FORMAT = dwarf;
				DEVELOPMENT_TEAM = 37KUSY2NJ4;
				ENABLE_STRICT_OBJC_MSGSEND = YES;
				ENABLE_TESTABILITY = YES;
				ENABLE_USER_SCRIPT_SANDBOXING = YES;
				GCC_C_LANGUAGE_STANDARD = gnu17;
				GCC_DYNAMIC_NO_PIC = NO;
				GCC_NO_COMMON_BLOCKS = YES;
				GCC_OPTIMIZATION_LEVEL = 0;
				GCC_PREPROCESSOR_DEFINITIONS = (
					"DEBUG=1",
					"$(inherited)",
				);
				GCC_WARN_64_TO_32_BIT_CONVERSION = YES;
				GCC_WARN_ABOUT_RETURN_TYPE = YES_ERROR;
				GCC_WARN_UNDECLARED_SELECTOR = YES;
				GCC_WARN_UNINITIALIZED_AUTOS = YES_AGGRESSIVE;
				GCC_WARN_UNUSED_FUNCTION = YES;
				GCC_WARN_UNUSED_VARIABLE = YES;
				IPHONEOS_DEPLOYMENT_TARGET = 18.5;
				LOCALIZATION_PREFERS_STRING_CATALOGS = YES;
				MTL_ENABLE_DEBUG_INFO = INCLUDE_SOURCE;
				MTL_FAST_MATH = YES;
				ONLY_ACTIVE_ARCH = YES;
				SDKROOT = iphoneos;
				SWIFT_ACTIVE_COMPILATION_CONDITIONS = "DEBUG $(inherited)";
				SWIFT_OPTIMIZATION_LEVEL = "-Onone";
			};
			name = Debug;
		};
		79766B122E3E47BB00DD8841 /* Release */ = {
			isa = XCBuildConfiguration;
			buildSettings = {
				ALWAYS_SEARCH_USER_PATHS = NO;
				ASSETCATALOG_COMPILER_GENERATE_SWIFT_ASSET_SYMBOL_EXTENSIONS = YES;
				CLANG_ANALYZER_NONNULL = YES;
				CLANG_ANALYZER_NUMBER_OBJECT_CONVERSION = YES_AGGRESSIVE;
				CLANG_CXX_LANGUAGE_STANDARD = "gnu++20";
				CLANG_ENABLE_MODULES = YES;
				CLANG_ENABLE_OBJC_ARC = YES;
				CLANG_ENABLE_OBJC_WEAK = YES;
				CLANG_WARN_BLOCK_CAPTURE_AUTORELEASING = YES;
				CLANG_WARN_BOOL_CONVERSION = YES;
				CLANG_WARN_COMMA = YES;
				CLANG_WARN_CONSTANT_CONVERSION = YES;
				CLANG_WARN_DEPRECATED_OBJC_IMPLEMENTATIONS = YES;
				CLANG_WARN_DIRECT_OBJC_ISA_USAGE = YES_ERROR;
				CLANG_WARN_DOCUMENTATION_COMMENTS = YES;
				CLANG_WARN_EMPTY_BODY = YES;
				CLANG_WARN_ENUM_CONVERSION = YES;
				CLANG_WARN_INFINITE_RECURSION = YES;
				CLANG_WARN_INT_CONVERSION = YES;
				CLANG_WARN_NON_LITERAL_NULL_CONVERSION = YES;
				CLANG_WARN_OBJC_IMPLICIT_RETAIN_SELF = YES;
				CLANG_WARN_OBJC_LITERAL_CONVERSION = YES;
				CLANG_WARN_OBJC_ROOT_CLASS = YES_ERROR;
				CLANG_WARN_QUOTED_INCLUDE_IN_FRAMEWORK_HEADER = YES;
				CLANG_WARN_RANGE_LOOP_ANALYSIS = YES;
				CLANG_WARN_STRICT_PROTOTYPES = YES;
				CLANG_WARN_SUSPICIOUS_MOVE = YES;
				CLANG_WARN_UNGUARDED_AVAILABILITY = YES_AGGRESSIVE;
				CLANG_WARN_UNREACHABLE_CODE = YES;
				CLANG_WARN__DUPLICATE_METHOD_MATCH = YES;
				COPY_PHASE_STRIP = NO;
				DEBUG_INFORMATION_FORMAT = "dwarf-with-dsym";
				DEVELOPMENT_TEAM = 37KUSY2NJ4;
				ENABLE_NS_ASSERTIONS = NO;
				ENABLE_STRICT_OBJC_MSGSEND = YES;
				ENABLE_USER_SCRIPT_SANDBOXING = YES;
				GCC_C_LANGUAGE_STANDARD = gnu17;
				GCC_NO_COMMON_BLOCKS = YES;
				GCC_WARN_64_TO_32_BIT_CONVERSION = YES;
				GCC_WARN_ABOUT_RETURN_TYPE = YES_ERROR;
				GCC_WARN_UNDECLARED_SELECTOR = YES;
				GCC_WARN_UNINITIALIZED_AUTOS = YES_AGGRESSIVE;
				GCC_WARN_UNUSED_FUNCTION = YES;
				GCC_WARN_UNUSED_VARIABLE = YES;
				IPHONEOS_DEPLOYMENT_TARGET = 18.5;
				LOCALIZATION_PREFERS_STRING_CATALOGS = YES;
				MTL_ENABLE_DEBUG_INFO = NO;
				MTL_FAST_MATH = YES;
				SDKROOT = iphoneos;
				SWIFT_COMPILATION_MODE = wholemodule;
				VALIDATE_PRODUCT = YES;
			};
			name = Release;
		};
		79766B142E3E47BB00DD8841 /* Debug */ = {
			isa = XCBuildConfiguration;
			buildSettings = {
				ASSETCATALOG_COMPILER_APPICON_NAME = AppIcon;
				ASSETCATALOG_COMPILER_GLOBAL_ACCENT_COLOR_NAME = AccentColor;
				CODE_SIGN_STYLE = Automatic;
				CURRENT_PROJECT_VERSION = 1;
				DEVELOPMENT_TEAM = 37KUSY2NJ4;
				ENABLE_PREVIEWS = YES;
				GENERATE_INFOPLIST_FILE = YES;
				INFOPLIST_KEY_UIApplicationSceneManifest_Generation = YES;
				INFOPLIST_KEY_UIApplicationSupportsIndirectInputEvents = YES;
				INFOPLIST_KEY_UILaunchScreen_Generation = YES;
				INFOPLIST_KEY_UISupportedInterfaceOrientations_iPad = "UIInterfaceOrientationPortrait UIInterfaceOrientationPortraitUpsideDown UIInterfaceOrientationLandscapeLeft UIInterfaceOrientationLandscapeRight";
				INFOPLIST_KEY_UISupportedInterfaceOrientations_iPhone = "UIInterfaceOrientationPortrait UIInterfaceOrientationLandscapeLeft UIInterfaceOrientationLandscapeRight";
				LD_RUNPATH_SEARCH_PATHS = (
					"$(inherited)",
					"@executable_path/Frameworks",
				);
				MARKETING_VERSION = 1.0;
				PRODUCT_BUNDLE_IDENTIFIER = app.macberry.quotoday;
				PRODUCT_NAME = "$(TARGET_NAME)";
				SWIFT_EMIT_LOC_STRINGS = YES;
				SWIFT_VERSION = 5.0;
				TARGETED_DEVICE_FAMILY = "1,2";
			};
			name = Debug;
		};
		79766B152E3E47BB00DD8841 /* Release */ = {
			isa = XCBuildConfiguration;
			buildSettings = {
				ASSETCATALOG_COMPILER_APPICON_NAME = AppIcon;
				ASSETCATALOG_COMPILER_GLOBAL_ACCENT_COLOR_NAME = AccentColor;
				CODE_SIGN_STYLE = Automatic;
				CURRENT_PROJECT_VERSION = 1;
				DEVELOPMENT_TEAM = 37KUSY2NJ4;
				ENABLE_PREVIEWS = YES;
				GENERATE_INFOPLIST_FILE = YES;
				INFOPLIST_KEY_UIApplicationSceneManifest_Generation = YES;
				INFOPLIST_KEY_UIApplicationSupportsIndirectInputEvents = YES;
				INFOPLIST_KEY_UILaunchScreen_Generation = YES;
				INFOPLIST_KEY_UISupportedInterfaceOrientations_iPad = "UIInterfaceOrientationPortrait UIInterfaceOrientationPortraitUpsideDown UIInterfaceOrientationLandscapeLeft UIInterfaceOrientationLandscapeRight";
				INFOPLIST_KEY_UISupportedInterfaceOrientations_iPhone = "UIInterfaceOrientationPortrait UIInterfaceOrientationLandscapeLeft UIInterfaceOrientationLandscapeRight";
				LD_RUNPATH_SEARCH_PATHS = (
					"$(inherited)",
					"@executable_path/Frameworks",
				);
				MARKETING_VERSION = 1.0;
				PRODUCT_BUNDLE_IDENTIFIER = app.macberry.quotoday;
				PRODUCT_NAME = "$(TARGET_NAME)";
				SWIFT_EMIT_LOC_STRINGS = YES;
				SWIFT_VERSION = 5.0;
				TARGETED_DEVICE_FAMILY = "1,2";
			};
			name = Release;
		};
		79766B172E3E47BB00DD8841 /* Debug */ = {
			isa = XCBuildConfiguration;
			buildSettings = {
				BUNDLE_LOADER = "$(TEST_HOST)";
				CODE_SIGN_STYLE = Automatic;
				CURRENT_PROJECT_VERSION = 1;
				DEVELOPMENT_TEAM = 37KUSY2NJ4;
				GENERATE_INFOPLIST_FILE = YES;
				IPHONEOS_DEPLOYMENT_TARGET = 18.5;
				MARKETING_VERSION = 1.0;
				PRODUCT_BUNDLE_IDENTIFIER = app.macberry.quotodayTests;
				PRODUCT_NAME = "$(TARGET_NAME)";
				SWIFT_EMIT_LOC_STRINGS = NO;
				SWIFT_VERSION = 5.0;
				TARGETED_DEVICE_FAMILY = "1,2";
				TEST_HOST = "$(BUILT_PRODUCTS_DIR)/quotoday.app/$(BUNDLE_EXECUTABLE_FOLDER_PATH)/quotoday";
			};
			name = Debug;
		};
		79766B182E3E47BB00DD8841 /* Release */ = {
			isa = XCBuildConfiguration;
			buildSettings = {
				BUNDLE_LOADER = "$(TEST_HOST)";
				CODE_SIGN_STYLE = Automatic;
				CURRENT_PROJECT_VERSION = 1;
				DEVELOPMENT_TEAM = 37KUSY2NJ4;
				GENERATE_INFOPLIST_FILE = YES;
				IPHONEOS_DEPLOYMENT_TARGET = 18.5;
				MARKETING_VERSION = 1.0;
				PRODUCT_BUNDLE_IDENTIFIER = app.macberry.quotodayTests;
				PRODUCT_NAME = "$(TARGET_NAME)";
				SWIFT_EMIT_LOC_STRINGS = NO;
				SWIFT_VERSION = 5.0;
				TARGETED_DEVICE_FAMILY = "1,2";
				TEST_HOST = "$(BUILT_PRODUCTS_DIR)/quotoday.app/$(BUNDLE_EXECUTABLE_FOLDER_PATH)/quotoday";
			};
			name = Release;
		};
		79766B1A2E3E47BB00DD8841 /* Debug */ = {
			isa = XCBuildConfiguration;
			buildSettings = {
				CODE_SIGN_STYLE = Automatic;
				CURRENT_PROJECT_VERSION = 1;
				DEVELOPMENT_TEAM = 37KUSY2NJ4;
				GENERATE_INFOPLIST_FILE = YES;
				MARKETING_VERSION = 1.0;
				PRODUCT_BUNDLE_IDENTIFIER = app.macberry.quotodayUITests;
				PRODUCT_NAME = "$(TARGET_NAME)";
				SWIFT_EMIT_LOC_STRINGS = NO;
				SWIFT_VERSION = 5.0;
				TARGETED_DEVICE_FAMILY = "1,2";
				TEST_TARGET_NAME = quotoday;
			};
			name = Debug;
		};
		79766B1B2E3E47BB00DD8841 /* Release */ = {
			isa = XCBuildConfiguration;
			buildSettings = {
				CODE_SIGN_STYLE = Automatic;
				CURRENT_PROJECT_VERSION = 1;
				DEVELOPMENT_TEAM = 37KUSY2NJ4;
				GENERATE_INFOPLIST_FILE = YES;
				MARKETING_VERSION = 1.0;
				PRODUCT_BUNDLE_IDENTIFIER = app.macberry.quotodayUITests;
				PRODUCT_NAME = "$(TARGET_NAME)";
				SWIFT_EMIT_LOC_STRINGS = NO;
				SWIFT_VERSION = 5.0;
				TARGETED_DEVICE_FAMILY = "1,2";
				TEST_TARGET_NAME = quotoday;
			};
			name = Release;
		};
/* End XCBuildConfiguration section */

/* Begin XCConfigurationList section */
		79766AED2E3E47B700DD8841 /* Build configuration list for PBXProject "Quotoday" */ = {
			isa = XCConfigurationList;
			buildConfigurations = (
				79766B112E3E47BB00DD8841 /* Debug */,
				79766B122E3E47BB00DD8841 /* Release */,
			);
			defaultConfigurationIsVisible = 0;
			defaultConfigurationName = Release;
		};
		79766B132E3E47BB00DD8841 /* Build configuration list for PBXNativeTarget "Quotoday" */ = {
			isa = XCConfigurationList;
			buildConfigurations = (
				79766B142E3E47BB00DD8841 /* Debug */,
				79766B152E3E47BB00DD8841 /* Release */,
			);
			defaultConfigurationIsVisible = 0;
			defaultConfigurationName = Release;
		};
		79766B162E3E47BB00DD8841 /* Build configuration list for PBXNativeTarget "QuotodayTests" */ = {
			isa = XCConfigurationList;
			buildConfigurations = (
				79766B172E3E47BB00DD8841 /* Debug */,
				79766B182E3E47BB00DD8841 /* Release */,
			);
			defaultConfigurationIsVisible = 0;
			defaultConfigurationName = Release;
		};
		79766B192E3E47BB00DD8841 /* Build configuration list for PBXNativeTarget "QuotodayUITests" */ = {
			isa = XCConfigurationList;
			buildConfigurations = (
				79766B1A2E3E47BB00DD8841 /* Debug */,
				79766B1B2E3E47BB00DD8841 /* Release */,
			);
			defaultConfigurationIsVisible = 0;
			defaultConfigurationName = Release;
		};
/* End XCConfigurationList section */
	};
	rootObject = 79766AEA2E3E47B700DD8841 /* Project object */;
}
